
Microsoft Visual Studio Solution File, Format Version 12.00
# Visual Studio Version 17
VisualStudioVersion = 17.10.35013.160
MinimumVisualStudioVersion = 10.0.40219.1
Project("{FAE04EC0-301F-11D3-BF4B-00C04F79EFBC}") = "RoadBook.CsahrpBasic.Chapter03", "RoadBook.CsahrpBasic.Chapter03.csproj", "{567840DD-C735-455E-ACBF-B90817A05DBF}"
EndProject
Global
	GlobalSection(SolutionConfigurationPlatforms) = preSolution
		Debug|Any CPU = Debug|Any CPU
		Release|Any CPU = Release|Any CPU
	EndGlobalSection
	GlobalSection(ProjectConfigurationPlatforms) = postSolution
		{567840DD-C735-455E-ACBF-B90817A05DBF}.Debug|Any CPU.ActiveCfg = Debug|Any CPU
		{567840DD-C735-455E-ACBF-B90817A05DBF}.Debug|Any CPU.Build.0 = Debug|Any CPU
		{567840DD-C735-455E-ACBF-B90817A05DBF}.Release|Any CPU.ActiveCfg = Release|Any CPU
		{567840DD-C735-455E-ACBF-B90817A05DBF}.Release|Any CPU.Build.0 = Release|Any CPU
	EndGlobalSection
	GlobalSection(SolutionProperties) = preSolution
		HideSolutionNode = FALSE
	EndGlobalSection
	GlobalSection(ExtensibilityGlobals) = postSolution
		SolutionGuid = {E3B93810-DC7F-414E-9F3C-F7B1B8EFDE53}
	EndGlobalSection
EndGlobal
